
Microsoft Visual Studio Solution File, Format Version 12.00
# Visual Studio Version 16
VisualStudioVersion = 16.0.31005.135
MinimumVisualStudioVersion = 10.0.40219.1
Project("{FAE04EC0-301F-11D3-BF4B-00C04F79EFBC}") = "DataStructures", "DataStructures.csproj", "{6831AF0B-C88C-4EFB-8C36-C6FFC63BA179}"
EndProject
Global
	GlobalSection(SolutionConfigurationPlatforms) = preSolution
		Debug|Any CPU = Debug|Any CPU
		Release|Any CPU = Release|Any CPU
	EndGlobalSection
	GlobalSection(ProjectConfigurationPlatforms) = postSolution
		{6831AF0B-C88C-4EFB-8C36-C6FFC63BA179}.Debug|Any CPU.ActiveCfg = Debug|Any CPU
		{6831AF0B-C88C-4EFB-8C36-C6FFC63BA179}.Debug|Any CPU.Build.0 = Debug|Any CPU
		{6831AF0B-C88C-4EFB-8C36-C6FFC63BA179}.Release|Any CPU.ActiveCfg = Release|Any CPU
		{6831AF0B-C88C-4EFB-8C36-C6FFC63BA179}.Release|Any CPU.Build.0 = Release|Any CPU
	EndGlobalSection
	GlobalSection(SolutionProperties) = preSolution
		HideSolutionNode = FALSE
	EndGlobalSection
	GlobalSection(ExtensibilityGlobals) = postSolution
		SolutionGuid = {6403927E-D969-4A0D-AD82-EBBE12F284E3}
	EndGlobalSection
EndGlobal
